// !$*UTF8*$!
{
	archiveVersion = 1;
	classes = {
	};
	objectVersion = 46;
	objects = {

/* Begin PBXBuildFile section */
		919209671D4DB1CD001C5312 /* AppDelegate.swift in Sources */ = {isa = PBXBuildFile; fileRef = 919209661D4DB1CD001C5312 /* AppDelegate.swift */; };
		919209691D4DB1CD001C5312 /* ViewController.swift in Sources */ = {isa = PBXBuildFile; fileRef = 919209681D4DB1CD001C5312 /* ViewController.swift */; };
		9192096C1D4DB1CD001C5312 /* Main.storyboard in Resources */ = {isa = PBXBuildFile; fileRef = 9192096A1D4DB1CD001C5312 /* Main.storyboard */; };
		9192096E1D4DB1CD001C5312 /* Assets.xcassets in Resources */ = {isa = PBXBuildFile; fileRef = 9192096D1D4DB1CD001C5312 /* Assets.xcassets */; };
		919209711D4DB1CD001C5312 /* LaunchScreen.storyboard in Resources */ = {isa = PBXBuildFile; fileRef = 9192096F1D4DB1CD001C5312 /* LaunchScreen.storyboard */; };
		9192097C1D4DB1CD001C5312 /* ToDoTests.swift in Sources */ = {isa = PBXBuildFile; fileRef = 9192097B1D4DB1CD001C5312 /* ToDoTests.swift */; };
		919209871D4DB38D001C5312 /* ToDoItemTests.swift in Sources */ = {isa = PBXBuildFile; fileRef = 919209861D4DB38D001C5312 /* ToDoItemTests.swift */; };
		9192098B1D4DB4D0001C5312 /* ToDoItem.swift in Sources */ = {isa = PBXBuildFile; fileRef = 9192098A1D4DB4D0001C5312 /* ToDoItem.swift */; };
/* End PBXBuildFile section */

/* Begin PBXContainerItemProxy section */
		919209781D4DB1CD001C5312 /* PBXContainerItemProxy */ = {
			isa = PBXContainerItemProxy;
			containerPortal = 9192095B1D4DB1CD001C5312 /* Project object */;
			proxyType = 1;
			remoteGlobalIDString = 919209621D4DB1CD001C5312;
			remoteInfo = ToDo;
		};
/* End PBXContainerItemProxy section */

/* Begin PBXFileReference section */
		919209631D4DB1CD001C5312 /* ToDo.app */ = {isa = PBXFileReference; explicitFileType = wrapper.application; includeInIndex = 0; path = ToDo.app; sourceTree = BUILT_PRODUCTS_DIR; };
		919209661D4DB1CD001C5312 /* AppDelegate.swift */ = {isa = PBXFileReference; lastKnownFileType = sourcecode.swift; path = AppDelegate.swift; sourceTree = "<group>"; };
		919209681D4DB1CD001C5312 /* ViewController.swift */ = {isa = PBXFileReference; lastKnownFileType = sourcecode.swift; path = ViewController.swift; sourceTree = "<group>"; };
		9192096B1D4DB1CD001C5312 /* Base */ = {isa = PBXFileReference; lastKnownFileType = file.storyboard; name = Base; path = Base.lproj/Main.storyboard; sourceTree = "<group>"; };
		9192096D1D4DB1CD001C5312 /* Assets.xcassets */ = {isa = PBXFileReference; lastKnownFileType = folder.assetcatalog; path = Assets.xcassets; sourceTree = "<group>"; };
		919209701D4DB1CD001C5312 /* Base */ = {isa = PBXFileReference; lastKnownFileType = file.storyboard; name = Base; path = Base.lproj/LaunchScreen.storyboard; sourceTree = "<group>"; };
		919209721D4DB1CD001C5312 /* Info.plist */ = {isa = PBXFileReference; lastKnownFileType = text.plist.xml; path = Info.plist; sourceTree = "<group>"; };
		919209771D4DB1CD001C5312 /* ToDoTests.xctest */ = {isa = PBXFileReference; explicitFileType = wrapper.cfbundle; includeInIndex = 0; path = ToDoTests.xctest; sourceTree = BUILT_PRODUCTS_DIR; };
		9192097B1D4DB1CD001C5312 /* ToDoTests.swift */ = {isa = PBXFileReference; lastKnownFileType = sourcecode.swift; path = ToDoTests.swift; sourceTree = "<group>"; };
		9192097D1D4DB1CD001C5312 /* Info.plist */ = {isa = PBXFileReference; lastKnownFileType = text.plist.xml; path = Info.plist; sourceTree = "<group>"; };
		919209861D4DB38D001C5312 /* ToDoItemTests.swift */ = {isa = PBXFileReference; fileEncoding = 4; lastKnownFileType = sourcecode.swift; name = ToDoItemTests.swift; path = ../ToDoItemTests.swift; sourceTree = "<group>"; };
		9192098A1D4DB4D0001C5312 /* ToDoItem.swift */ = {isa = PBXFileReference; fileEncoding = 4; lastKnownFileType = sourcecode.swift; path = ToDoItem.swift; sourceTree = SOURCE_ROOT; };
/* End PBXFileReference section */

/* Begin PBXFrameworksBuildPhase section */
		919209601D4DB1CD001C5312 /* Frameworks */ = {
			isa = PBXFrameworksBuildPhase;
			buildActionMask = 2147483647;
			files = (
			);
			runOnlyForDeploymentPostprocessing = 0;
		};
		919209741D4DB1CD001C5312 /* Frameworks */ = {
			isa = PBXFrameworksBuildPhase;
			buildActionMask = 2147483647;
			files = (
			);
			runOnlyForDeploymentPostprocessing = 0;
		};
/* End PBXFrameworksBuildPhase section */

/* Begin PBXGroup section */
		9192095A1D4DB1CD001C5312 = {
			isa = PBXGroup;
			children = (
				919209651D4DB1CD001C5312 /* ToDo */,
				9192097A1D4DB1CD001C5312 /* ToDoTests */,
				919209641D4DB1CD001C5312 /* Products */,
			);
			sourceTree = "<group>";
		};
		919209641D4DB1CD001C5312 /* Products */ = {
			isa = PBXGroup;
			children = (
				919209631D4DB1CD001C5312 /* ToDo.app */,
				919209771D4DB1CD001C5312 /* ToDoTests.xctest */,
			);
			name = Products;
			sourceTree = "<group>";
		};
		919209651D4DB1CD001C5312 /* ToDo */ = {
			isa = PBXGroup;
			children = (
				9192098C1D4DB58E001C5312 /* Model */,
				919209661D4DB1CD001C5312 /* AppDelegate.swift */,
				919209681D4DB1CD001C5312 /* ViewController.swift */,
				9192096A1D4DB1CD001C5312 /* Main.storyboard */,
				9192096D1D4DB1CD001C5312 /* Assets.xcassets */,
				9192096F1D4DB1CD001C5312 /* LaunchScreen.storyboard */,
				919209721D4DB1CD001C5312 /* Info.plist */,
			);
			path = ToDo;
			sourceTree = "<group>";
		};
		9192097A1D4DB1CD001C5312 /* ToDoTests */ = {
			isa = PBXGroup;
			children = (
				9192098D1D4DB59E001C5312 /* ModelTests */,
				9192097B1D4DB1CD001C5312 /* ToDoTests.swift */,
				9192097D1D4DB1CD001C5312 /* Info.plist */,
			);
			path = ToDoTests;
			sourceTree = "<group>";
		};
		9192098C1D4DB58E001C5312 /* Model */ = {
			isa = PBXGroup;
			children = (
				9192098A1D4DB4D0001C5312 /* ToDoItem.swift */,
			);
			name = Model;
			sourceTree = "<group>";
		};
		9192098D1D4DB59E001C5312 /* ModelTests */ = {
			isa = PBXGroup;
			children = (
				919209861D4DB38D001C5312 /* ToDoItemTests.swift */,
			);
			name = ModelTests;
			sourceTree = "<group>";
		};
/* End PBXGroup section */

/* Begin PBXNativeTarget section */
		919209621D4DB1CD001C5312 /* ToDo */ = {
			isa = PBXNativeTarget;
			buildConfigurationList = 919209801D4DB1CD001C5312 /* Build configuration list for PBXNativeTarget "ToDo" */;
			buildPhases = (
				9192095F1D4DB1CD001C5312 /* Sources */,
				919209601D4DB1CD001C5312 /* Frameworks */,
				919209611D4DB1CD001C5312 /* Resources */,
			);
			buildRules = (
			);
			dependencies = (
			);
			name = ToDo;
			productName = ToDo;
			productReference = 919209631D4DB1CD001C5312 /* ToDo.app */;
			productType = "com.apple.product-type.application";
		};
		919209761D4DB1CD001C5312 /* ToDoTests */ = {
			isa = PBXNativeTarget;
			buildConfigurationList = 919209831D4DB1CD001C5312 /* Build configuration list for PBXNativeTarget "ToDoTests" */;
			buildPhases = (
				919209731D4DB1CD001C5312 /* Sources */,
				919209741D4DB1CD001C5312 /* Frameworks */,
				919209751D4DB1CD001C5312 /* Resources */,
			);
			buildRules = (
			);
			dependencies = (
				919209791D4DB1CD001C5312 /* PBXTargetDependency */,
			);
			name = ToDoTests;
			productName = ToDoTests;
			productReference = 919209771D4DB1CD001C5312 /* ToDoTests.xctest */;
			productType = "com.apple.product-type.bundle.unit-test";
		};
/* End PBXNativeTarget section */

/* Begin PBXProject section */
		9192095B1D4DB1CD001C5312 /* Project object */ = {
			isa = PBXProject;
			attributes = {
				LastSwiftUpdateCheck = 0720;
				LastUpgradeCheck = 0720;
				ORGANIZATIONNAME = "Kyna Nguyen";
				TargetAttributes = {
					919209621D4DB1CD001C5312 = {
						CreatedOnToolsVersion = 7.2.1;
					};
					919209761D4DB1CD001C5312 = {
						CreatedOnToolsVersion = 7.2.1;
						TestTargetID = 919209621D4DB1CD001C5312;
					};
				};
			};
			buildConfigurationList = 9192095E1D4DB1CD001C5312 /* Build configuration list for PBXProject "ToDo" */;
			compatibilityVersion = "Xcode 3.2";
			developmentRegion = English;
			hasScannedForEncodings = 0;
			knownRegions = (
				en,
				Base,
			);
			mainGroup = 9192095A1D4DB1CD001C5312;
			productRefGroup = 919209641D4DB1CD001C5312 /* Products */;
			projectDirPath = "";
			projectRoot = "";
			targets = (
				919209621D4DB1CD001C5312 /* ToDo */,
				919209761D4DB1CD001C5312 /* ToDoTests */,
			);
		};
/* End PBXProject section */

/* Begin PBXResourcesBuildPhase section */
		919209611D4DB1CD001C5312 /* Resources */ = {
			isa = PBXResourcesBuildPhase;
			buildActionMask = 2147483647;
			files = (
				919209711D4DB1CD001C5312 /* LaunchScreen.storyboard in Resources */,
				9192096E1D4DB1CD001C5312 /* Assets.xcassets in Resources */,
				9192096C1D4DB1CD001C5312 /* Main.storyboard in Resources */,
			);
			runOnlyForDeploymentPostprocessing = 0;
		};
		919209751D4DB1CD001C5312 /* Resources */ = {
			isa = PBXResourcesBuildPhase;
			buildActionMask = 2147483647;
			files = (
			);
			runOnlyForDeploymentPostprocessing = 0;
		};
/* End PBXResourcesBuildPhase section */

/* Begin PBXSourcesBuildPhase section */
		9192095F1D4DB1CD001C5312 /* Sources */ = {
			isa = PBXSourcesBuildPhase;
			buildActionMask = 2147483647;
			files = (
				919209691D4DB1CD001C5312 /* ViewController.swift in Sources */,
				919209671D4DB1CD001C5312 /* AppDelegate.swift in Sources */,
				9192098B1D4DB4D0001C5312 /* ToDoItem.swift in Sources */,
			);
			runOnlyForDeploymentPostprocessing = 0;
		};
		919209731D4DB1CD001C5312 /* Sources */ = {
			isa = PBXSourcesBuildPhase;
			buildActionMask = 2147483647;
			files = (
				919209871D4DB38D001C5312 /* ToDoItemTests.swift in Sources */,
				9192097C1D4DB1CD001C5312 /* ToDoTests.swift in Sources */,
			);
			runOnlyForDeploymentPostprocessing = 0;
		};
/* End PBXSourcesBuildPhase section */

/* Begin PBXTargetDependency section */
		919209791D4DB1CD001C5312 /* PBXTargetDependency */ = {
			isa = PBXTargetDependency;
			target = 919209621D4DB1CD001C5312 /* ToDo */;
			targetProxy = 919209781D4DB1CD001C5312 /* PBXContainerItemProxy */;
		};
/* End PBXTargetDependency section */

/* Begin PBXVariantGroup section */
		9192096A1D4DB1CD001C5312 /* Main.storyboard */ = {
			isa = PBXVariantGroup;
			children = (
				9192096B1D4DB1CD001C5312 /* Base */,
			);
			name = Main.storyboard;
			sourceTree = "<group>";
		};
		9192096F1D4DB1CD001C5312 /* LaunchScreen.storyboard */ = {
			isa = PBXVariantGroup;
			children = (
				919209701D4DB1CD001C5312 /* Base */,
			);
			name = LaunchScreen.storyboard;
			sourceTree = "<group>";
		};
/* End PBXVariantGroup section */

/* Begin XCBuildConfiguration section */
		9192097E1D4DB1CD001C5312 /* Debug */ = {
			isa = XCBuildConfiguration;
			buildSettings = {
				ALWAYS_SEARCH_USER_PATHS = NO;
				CLANG_CXX_LANGUAGE_STANDARD = "gnu++0x";
				CLANG_CXX_LIBRARY = "libc++";
				CLANG_ENABLE_MODULES = YES;
				CLANG_ENABLE_OBJC_ARC = YES;
				CLANG_WARN_BOOL_CONVERSION = YES;
				CLANG_WARN_CONSTANT_CONVERSION = YES;
				CLANG_WARN_DIRECT_OBJC_ISA_USAGE = YES_ERROR;
				CLANG_WARN_EMPTY_BODY = YES;
				CLANG_WARN_ENUM_CONVERSION = YES;
				CLANG_WARN_INT_CONVERSION = YES;
				CLANG_WARN_OBJC_ROOT_CLASS = YES_ERROR;
				CLANG_WARN_UNREACHABLE_CODE = YES;
				CLANG_WARN__DUPLICATE_METHOD_MATCH = YES;
				"CODE_SIGN_IDENTITY[sdk=iphoneos*]" = "iPhone Developer";
				COPY_PHASE_STRIP = NO;
				DEBUG_INFORMATION_FORMAT = dwarf;
				ENABLE_STRICT_OBJC_MSGSEND = YES;
				ENABLE_TESTABILITY = YES;
				GCC_C_LANGUAGE_STANDARD = gnu99;
				GCC_DYNAMIC_NO_PIC = NO;
				GCC_NO_COMMON_BLOCKS = YES;
				GCC_OPTIMIZATION_LEVEL = 0;
				GCC_PREPROCESSOR_DEFINITIONS = (
					"DEBUG=1",
					"$(inherited)",
				);
				GCC_WARN_64_TO_32_BIT_CONVERSION = YES;
				GCC_WARN_ABOUT_RETURN_TYPE = YES_ERROR;
				GCC_WARN_UNDECLARED_SELECTOR = YES;
				GCC_WARN_UNINITIALIZED_AUTOS = YES_AGGRESSIVE;
				GCC_WARN_UNUSED_FUNCTION = YES;
				GCC_WARN_UNUSED_VARIABLE = YES;
				IPHONEOS_DEPLOYMENT_TARGET = 9.2;
				MTL_ENABLE_DEBUG_INFO = YES;
				ONLY_ACTIVE_ARCH = YES;
				SDKROOT = iphoneos;
				SWIFT_OPTIMIZATION_LEVEL = "-Onone";
			};
			name = Debug;
		};
		9192097F1D4DB1CD001C5312 /* Release */ = {
			isa = XCBuildConfiguration;
			buildSettings = {
				ALWAYS_SEARCH_USER_PATHS = NO;
				CLANG_CXX_LANGUAGE_STANDARD = "gnu++0x";
				CLANG_CXX_LIBRARY = "libc++";
				CLANG_ENABLE_MODULES = YES;
				CLANG_ENABLE_OBJC_ARC = YES;
				CLANG_WARN_BOOL_CONVERSION = YES;
				CLANG_WARN_CONSTANT_CONVERSION = YES;
				CLANG_WARN_DIRECT_OBJC_ISA_USAGE = YES_ERROR;
				CLANG_WARN_EMPTY_BODY = YES;
				CLANG_WARN_ENUM_CONVERSION = YES;
				CLANG_WARN_INT_CONVERSION = YES;
				CLANG_WARN_OBJC_ROOT_CLASS = YES_ERROR;
				CLANG_WARN_UNREACHABLE_CODE = YES;
				CLANG_WARN__DUPLICATE_METHOD_MATCH = YES;
				"CODE_SIGN_IDENTITY[sdk=iphoneos*]" = "iPhone Developer";
				COPY_PHASE_STRIP = NO;
				DEBUG_INFORMATION_FORMAT = "dwarf-with-dsym";
				ENABLE_NS_ASSERTIONS = NO;
				ENABLE_STRICT_OBJC_MSGSEND = YES;
				GCC_C_LANGUAGE_STANDARD = gnu99;
				GCC_NO_COMMON_BLOCKS = YES;
				GCC_WARN_64_TO_32_BIT_CONVERSION = YES;
				GCC_WARN_ABOUT_RETURN_TYPE = YES_ERROR;
				GCC_WARN_UNDECLARED_SELECTOR = YES;
				GCC_WARN_UNINITIALIZED_AUTOS = YES_AGGRESSIVE;
				GCC_WARN_UNUSED_FUNCTION = YES;
				GCC_WARN_UNUSED_VARIABLE = YES;
				IPHONEOS_DEPLOYMENT_TARGET = 9.2;
				MTL_ENABLE_DEBUG_INFO = NO;
				SDKROOT = iphoneos;
				VALIDATE_PRODUCT = YES;
			};
			name = Release;
		};
		919209811D4DB1CD001C5312 /* Debug */ = {
			isa = XCBuildConfiguration;
			buildSettings = {
				ASSETCATALOG_COMPILER_APPICON_NAME = AppIcon;
				INFOPLIST_FILE = ToDo/Info.plist;
				LD_RUNPATH_SEARCH_PATHS = "$(inherited) @executable_path/Frameworks";
				PRODUCT_BUNDLE_IDENTIFIER = com.kynasaur.ToDo;
				PRODUCT_NAME = "$(TARGET_NAME)";
			};
			name = Debug;
		};
		919209821D4DB1CD001C5312 /* Release */ = {
			isa = XCBuildConfiguration;
			buildSettings = {
				ASSETCATALOG_COMPILER_APPICON_NAME = AppIcon;
				INFOPLIST_FILE = ToDo/Info.plist;
				LD_RUNPATH_SEARCH_PATHS = "$(inherited) @executable_path/Frameworks";
				PRODUCT_BUNDLE_IDENTIFIER = com.kynasaur.ToDo;
				PRODUCT_NAME = "$(TARGET_NAME)";
			};
			name = Release;
		};
		919209841D4DB1CD001C5312 /* Debug */ = {
			isa = XCBuildConfiguration;
			buildSettings = {
				BUNDLE_LOADER = "$(TEST_HOST)";
				INFOPLIST_FILE = ToDoTests/Info.plist;
				LD_RUNPATH_SEARCH_PATHS = "$(inherited) @executable_path/Frameworks @loader_path/Frameworks";
				PRODUCT_BUNDLE_IDENTIFIER = com.kynasaur.ToDoTests;
				PRODUCT_NAME = "$(TARGET_NAME)";
				TEST_HOST = "$(BUILT_PRODUCTS_DIR)/ToDo.app/ToDo";
			};
			name = Debug;
		};
		919209851D4DB1CD001C5312 /* Release */ = {
			isa = XCBuildConfiguration;
			buildSettings = {
				BUNDLE_LOADER = "$(TEST_HOST)";
				INFOPLIST_FILE = ToDoTests/Info.plist;
				LD_RUNPATH_SEARCH_PATHS = "$(inherited) @executable_path/Frameworks @loader_path/Frameworks";
				PRODUCT_BUNDLE_IDENTIFIER = com.kynasaur.ToDoTests;
				PRODUCT_NAME = "$(TARGET_NAME)";
				TEST_HOST = "$(BUILT_PRODUCTS_DIR)/ToDo.app/ToDo";
			};
			name = Release;
		};
/* End XCBuildConfiguration section */

/* Begin XCConfigurationList section */
		9192095E1D4DB1CD001C5312 /* Build configuration list for PBXProject "ToDo" */ = {
			isa = XCConfigurationList;
			buildConfigurations = (
				9192097E1D4DB1CD001C5312 /* Debug */,
				9192097F1D4DB1CD001C5312 /* Release */,
			);
			defaultConfigurationIsVisible = 0;
			defaultConfigurationName = Release;
		};
		919209801D4DB1CD001C5312 /* Build configuration list for PBXNativeTarget "ToDo" */ = {
			isa = XCConfigurationList;
			buildConfigurations = (
				919209811D4DB1CD001C5312 /* Debug */,
				919209821D4DB1CD001C5312 /* Release */,
			);
			defaultConfigurationIsVisible = 0;
		};
		919209831D4DB1CD001C5312 /* Build configuration list for PBXNativeTarget "ToDoTests" */ = {
			isa = XCConfigurationList;
			buildConfigurations = (
				919209841D4DB1CD001C5312 /* Debug */,
				919209851D4DB1CD001C5312 /* Release */,
			);
			defaultConfigurationIsVisible = 0;
		};
/* End XCConfigurationList section */
	};
	rootObject = 9192095B1D4DB1CD001C5312 /* Project object */;
}
